
Microsoft Visual Studio Solution File, Format Version 12.00
# Visual Studio 15
VisualStudioVersion = 15.0.27428.2037
MinimumVisualStudioVersion = 10.0.40219.1
Project("{FAE04EC0-301F-11D3-BF4B-00C04F79EFBC}") = "ApiFuncionarios", "ApiFuncionarios\ApiFuncionarios.csproj", "{F8E834AD-738D-4316-829C-DFADF1AC1D00}"
EndProject
Global
	GlobalSection(SolutionConfigurationPlatforms) = preSolution
		Debug|Any CPU = Debug|Any CPU
		Release|Any CPU = Release|Any CPU
	EndGlobalSection
	GlobalSection(ProjectConfigurationPlatforms) = postSolution
		{F8E834AD-738D-4316-829C-DFADF1AC1D00}.Debug|Any CPU.ActiveCfg = Debug|Any CPU
		{F8E834AD-738D-4316-829C-DFADF1AC1D00}.Debug|Any CPU.Build.0 = Debug|Any CPU
		{F8E834AD-738D-4316-829C-DFADF1AC1D00}.Release|Any CPU.ActiveCfg = Release|Any CPU
		{F8E834AD-738D-4316-829C-DFADF1AC1D00}.Release|Any CPU.Build.0 = Release|Any CPU
	EndGlobalSection
	GlobalSection(SolutionProperties) = preSolution
		HideSolutionNode = FALSE
	EndGlobalSection
	GlobalSection(ExtensibilityGlobals) = postSolution
		SolutionGuid = {524112D1-D5DA-4FB3-BC65-25C9A3EEC7C9}
	EndGlobalSection
EndGlobal
